// !$*UTF8*$!
{
	archiveVersion = 1;
	classes = {
	};
	objectVersion = 46;
	objects = {

/* Begin PBXBuildFile section */
		A26D81CD1A272203003198B7 /* main.m in Sources */ = {isa = PBXBuildFile; fileRef = A26D81CC1A272203003198B7 /* main.m */; };
		A26D81D01A272203003198B7 /* AppDelegate.m in Sources */ = {isa = PBXBuildFile; fileRef = A26D81CF1A272203003198B7 /* AppDelegate.m */; };
		A26D81D61A272203003198B7 /* Main.storyboard in Resources */ = {isa = PBXBuildFile; fileRef = A26D81D41A272203003198B7 /* Main.storyboard */; };
		A26D81D81A272203003198B7 /* Images.xcassets in Resources */ = {isa = PBXBuildFile; fileRef = A26D81D71A272203003198B7 /* Images.xcassets */; };
		A26D81DB1A272203003198B7 /* LaunchScreen.xib in Resources */ = {isa = PBXBuildFile; fileRef = A26D81D91A272203003198B7 /* LaunchScreen.xib */; };
		A26D81E71A272203003198B7 /* FileManagerTests.m in Sources */ = {isa = PBXBuildFile; fileRef = A26D81E61A272203003198B7 /* FileManagerTests.m */; };
		A26D81F21A272591003198B7 /* OPDirectoryViewController.m in Sources */ = {isa = PBXBuildFile; fileRef = A26D81F11A272591003198B7 /* OPDirectoryViewController.m */; };
		A26D81F71A2725E2003198B7 /* folder.png in Resources */ = {isa = PBXBuildFile; fileRef = A26D81F51A2725E2003198B7 /* folder.png */; };
		A2DCC4F91A29BABB00A48353 /* OPAddDirectoryCell.m in Sources */ = {isa = PBXBuildFile; fileRef = A2DCC4F81A29BABB00A48353 /* OPAddDirectoryCell.m */; };
		A2DCC4FC1A29C19900A48353 /* OPFileCell.m in Sources */ = {isa = PBXBuildFile; fileRef = A2DCC4FB1A29C19900A48353 /* OPFileCell.m */; };
		A2DCC4FE1A29C4DB00A48353 /* file.png in Resources */ = {isa = PBXBuildFile; fileRef = A2DCC4FD1A29C4DB00A48353 /* file.png */; };
		A2DCC5071A33230900A48353 /* OPFolderCell.m in Sources */ = {isa = PBXBuildFile; fileRef = A2DCC5061A33230900A48353 /* OPFolderCell.m */; };
/* End PBXBuildFile section */

/* Begin PBXContainerItemProxy section */
		A26D81E11A272203003198B7 /* PBXContainerItemProxy */ = {
			isa = PBXContainerItemProxy;
			containerPortal = A26D81BF1A272203003198B7 /* Project object */;
			proxyType = 1;
			remoteGlobalIDString = A26D81C61A272203003198B7;
			remoteInfo = FileManager;
		};
/* End PBXContainerItemProxy section */

/* Begin PBXFileReference section */
		A26D81C71A272203003198B7 /* FileManager.app */ = {isa = PBXFileReference; explicitFileType = wrapper.application; includeInIndex = 0; path = FileManager.app; sourceTree = BUILT_PRODUCTS_DIR; };
		A26D81CB1A272203003198B7 /* Info.plist */ = {isa = PBXFileReference; lastKnownFileType = text.plist.xml; path = Info.plist; sourceTree = "<group>"; };
		A26D81CC1A272203003198B7 /* main.m */ = {isa = PBXFileReference; lastKnownFileType = sourcecode.c.objc; path = main.m; sourceTree = "<group>"; };
		A26D81CE1A272203003198B7 /* AppDelegate.h */ = {isa = PBXFileReference; lastKnownFileType = sourcecode.c.h; path = AppDelegate.h; sourceTree = "<group>"; };
		A26D81CF1A272203003198B7 /* AppDelegate.m */ = {isa = PBXFileReference; lastKnownFileType = sourcecode.c.objc; path = AppDelegate.m; sourceTree = "<group>"; };
		A26D81D51A272203003198B7 /* Base */ = {isa = PBXFileReference; lastKnownFileType = file.storyboard; name = Base; path = Base.lproj/Main.storyboard; sourceTree = "<group>"; };
		A26D81D71A272203003198B7 /* Images.xcassets */ = {isa = PBXFileReference; lastKnownFileType = folder.assetcatalog; path = Images.xcassets; sourceTree = "<group>"; };
		A26D81DA1A272203003198B7 /* Base */ = {isa = PBXFileReference; lastKnownFileType = file.xib; name = Base; path = Base.lproj/LaunchScreen.xib; sourceTree = "<group>"; };
		A26D81E01A272203003198B7 /* FileManagerTests.xctest */ = {isa = PBXFileReference; explicitFileType = wrapper.cfbundle; includeInIndex = 0; path = FileManagerTests.xctest; sourceTree = BUILT_PRODUCTS_DIR; };
		A26D81E51A272203003198B7 /* Info.plist */ = {isa = PBXFileReference; lastKnownFileType = text.plist.xml; path = Info.plist; sourceTree = "<group>"; };
		A26D81E61A272203003198B7 /* FileManagerTests.m */ = {isa = PBXFileReference; lastKnownFileType = sourcecode.c.objc; path = FileManagerTests.m; sourceTree = "<group>"; };
		A26D81F01A272591003198B7 /* OPDirectoryViewController.h */ = {isa = PBXFileReference; fileEncoding = 4; lastKnownFileType = sourcecode.c.h; path = OPDirectoryViewController.h; sourceTree = "<group>"; };
		A26D81F11A272591003198B7 /* OPDirectoryViewController.m */ = {isa = PBXFileReference; fileEncoding = 4; lastKnownFileType = sourcecode.c.objc; path = OPDirectoryViewController.m; sourceTree = "<group>"; };
		A26D81F51A2725E2003198B7 /* folder.png */ = {isa = PBXFileReference; lastKnownFileType = image.png; path = folder.png; sourceTree = "<group>"; };
		A2DCC4F71A29BABB00A48353 /* OPAddDirectoryCell.h */ = {isa = PBXFileReference; fileEncoding = 4; lastKnownFileType = sourcecode.c.h; path = OPAddDirectoryCell.h; sourceTree = "<group>"; };
		A2DCC4F81A29BABB00A48353 /* OPAddDirectoryCell.m */ = {isa = PBXFileReference; fileEncoding = 4; lastKnownFileType = sourcecode.c.objc; path = OPAddDirectoryCell.m; sourceTree = "<group>"; };
		A2DCC4FA1A29C19900A48353 /* OPFileCell.h */ = {isa = PBXFileReference; fileEncoding = 4; lastKnownFileType = sourcecode.c.h; path = OPFileCell.h; sourceTree = "<group>"; };
		A2DCC4FB1A29C19900A48353 /* OPFileCell.m */ = {isa = PBXFileReference; fileEncoding = 4; lastKnownFileType = sourcecode.c.objc; path = OPFileCell.m; sourceTree = "<group>"; };
		A2DCC4FD1A29C4DB00A48353 /* file.png */ = {isa = PBXFileReference; lastKnownFileType = image.png; path = file.png; sourceTree = "<group>"; };
		A2DCC5051A33230900A48353 /* OPFolderCell.h */ = {isa = PBXFileReference; fileEncoding = 4; lastKnownFileType = sourcecode.c.h; path = OPFolderCell.h; sourceTree = "<group>"; };
		A2DCC5061A33230900A48353 /* OPFolderCell.m */ = {isa = PBXFileReference; fileEncoding = 4; lastKnownFileType = sourcecode.c.objc; path = OPFolderCell.m; sourceTree = "<group>"; };
/* End PBXFileReference section */

/* Begin PBXFrameworksBuildPhase section */
		A26D81C41A272203003198B7 /* Frameworks */ = {
			isa = PBXFrameworksBuildPhase;
			buildActionMask = 2147483647;
			files = (
			);
			runOnlyForDeploymentPostprocessing = 0;
		};
		A26D81DD1A272203003198B7 /* Frameworks */ = {
			isa = PBXFrameworksBuildPhase;
			buildActionMask = 2147483647;
			files = (
			);
			runOnlyForDeploymentPostprocessing = 0;
		};
/* End PBXFrameworksBuildPhase section */

/* Begin PBXGroup section */
		A26D81BE1A272203003198B7 = {
			isa = PBXGroup;
			children = (
				A26D81C91A272203003198B7 /* FileManager */,
				A26D81E31A272203003198B7 /* FileManagerTests */,
				A26D81C81A272203003198B7 /* Products */,
			);
			sourceTree = "<group>";
		};
		A26D81C81A272203003198B7 /* Products */ = {
			isa = PBXGroup;
			children = (
				A26D81C71A272203003198B7 /* FileManager.app */,
				A26D81E01A272203003198B7 /* FileManagerTests.xctest */,
			);
			name = Products;
			sourceTree = "<group>";
		};
		A26D81C91A272203003198B7 /* FileManager */ = {
			isa = PBXGroup;
			children = (
				A2DCC4F61A29BA7100A48353 /* Cells */,
				A26D81CE1A272203003198B7 /* AppDelegate.h */,
				A26D81CF1A272203003198B7 /* AppDelegate.m */,
				A26D81D41A272203003198B7 /* Main.storyboard */,
				A26D81D71A272203003198B7 /* Images.xcassets */,
				A26D81D91A272203003198B7 /* LaunchScreen.xib */,
				A26D81CA1A272203003198B7 /* Supporting Files */,
				A26D81F31A2725E2003198B7 /* Images */,
				A26D81F01A272591003198B7 /* OPDirectoryViewController.h */,
				A26D81F11A272591003198B7 /* OPDirectoryViewController.m */,
			);
			path = FileManager;
			sourceTree = "<group>";
		};
		A26D81CA1A272203003198B7 /* Supporting Files */ = {
			isa = PBXGroup;
			children = (
				A26D81CB1A272203003198B7 /* Info.plist */,
				A26D81CC1A272203003198B7 /* main.m */,
			);
			name = "Supporting Files";
			sourceTree = "<group>";
		};
		A26D81E31A272203003198B7 /* FileManagerTests */ = {
			isa = PBXGroup;
			children = (
				A26D81E61A272203003198B7 /* FileManagerTests.m */,
				A26D81E41A272203003198B7 /* Supporting Files */,
			);
			path = FileManagerTests;
			sourceTree = "<group>";
		};
		A26D81E41A272203003198B7 /* Supporting Files */ = {
			isa = PBXGroup;
			children = (
				A26D81E51A272203003198B7 /* Info.plist */,
			);
			name = "Supporting Files";
			sourceTree = "<group>";
		};
		A26D81F31A2725E2003198B7 /* Images */ = {
			isa = PBXGroup;
			children = (
				A2DCC4FD1A29C4DB00A48353 /* file.png */,
				A26D81F51A2725E2003198B7 /* folder.png */,
			);
			path = Images;
			sourceTree = "<group>";
		};
		A2DCC4F61A29BA7100A48353 /* Cells */ = {
			isa = PBXGroup;
			children = (
				A2DCC4F71A29BABB00A48353 /* OPAddDirectoryCell.h */,
				A2DCC4F81A29BABB00A48353 /* OPAddDirectoryCell.m */,
				A2DCC4FA1A29C19900A48353 /* OPFileCell.h */,
				A2DCC4FB1A29C19900A48353 /* OPFileCell.m */,
				A2DCC5051A33230900A48353 /* OPFolderCell.h */,
				A2DCC5061A33230900A48353 /* OPFolderCell.m */,
			);
			name = Cells;
			sourceTree = "<group>";
		};
/* End PBXGroup section */

/* Begin PBXNativeTarget section */
		A26D81C61A272203003198B7 /* FileManager */ = {
			isa = PBXNativeTarget;
			buildConfigurationList = A26D81EA1A272203003198B7 /* Build configuration list for PBXNativeTarget "FileManager" */;
			buildPhases = (
				A26D81C31A272203003198B7 /* Sources */,
				A26D81C41A272203003198B7 /* Frameworks */,
				A26D81C51A272203003198B7 /* Resources */,
			);
			buildRules = (
			);
			dependencies = (
			);
			name = FileManager;
			productName = FileManager;
			productReference = A26D81C71A272203003198B7 /* FileManager.app */;
			productType = "com.apple.product-type.application";
		};
		A26D81DF1A272203003198B7 /* FileManagerTests */ = {
			isa = PBXNativeTarget;
			buildConfigurationList = A26D81ED1A272203003198B7 /* Build configuration list for PBXNativeTarget "FileManagerTests" */;
			buildPhases = (
				A26D81DC1A272203003198B7 /* Sources */,
				A26D81DD1A272203003198B7 /* Frameworks */,
				A26D81DE1A272203003198B7 /* Resources */,
			);
			buildRules = (
			);
			dependencies = (
				A26D81E21A272203003198B7 /* PBXTargetDependency */,
			);
			name = FileManagerTests;
			productName = FileManagerTests;
			productReference = A26D81E01A272203003198B7 /* FileManagerTests.xctest */;
			productType = "com.apple.product-type.bundle.unit-test";
		};
/* End PBXNativeTarget section */

/* Begin PBXProject section */
		A26D81BF1A272203003198B7 /* Project object */ = {
			isa = PBXProject;
			attributes = {
				LastUpgradeCheck = 0610;
				ORGANIZATIONNAME = "Oleg Pochtovy";
				TargetAttributes = {
					A26D81C61A272203003198B7 = {
						CreatedOnToolsVersion = 6.1;
					};
					A26D81DF1A272203003198B7 = {
						CreatedOnToolsVersion = 6.1;
						TestTargetID = A26D81C61A272203003198B7;
					};
				};
			};
			buildConfigurationList = A26D81C21A272203003198B7 /* Build configuration list for PBXProject "FileManager" */;
			compatibilityVersion = "Xcode 3.2";
			developmentRegion = English;
			hasScannedForEncodings = 0;
			knownRegions = (
				en,
				Base,
			);
			mainGroup = A26D81BE1A272203003198B7;
			productRefGroup = A26D81C81A272203003198B7 /* Products */;
			projectDirPath = "";
			projectRoot = "";
			targets = (
				A26D81C61A272203003198B7 /* FileManager */,
				A26D81DF1A272203003198B7 /* FileManagerTests */,
			);
		};
/* End PBXProject section */

/* Begin PBXResourcesBuildPhase section */
		A26D81C51A272203003198B7 /* Resources */ = {
			isa = PBXResourcesBuildPhase;
			buildActionMask = 2147483647;
			files = (
				A26D81D61A272203003198B7 /* Main.storyboard in Resources */,
				A2DCC4FE1A29C4DB00A48353 /* file.png in Resources */,
				A26D81DB1A272203003198B7 /* LaunchScreen.xib in Resources */,
				A26D81D81A272203003198B7 /* Images.xcassets in Resources */,
				A26D81F71A2725E2003198B7 /* folder.png in Resources */,
			);
			runOnlyForDeploymentPostprocessing = 0;
		};
		A26D81DE1A272203003198B7 /* Resources */ = {
			isa = PBXResourcesBuildPhase;
			buildActionMask = 2147483647;
			files = (
			);
			runOnlyForDeploymentPostprocessing = 0;
		};
/* End PBXResourcesBuildPhase section */

/* Begin PBXSourcesBuildPhase section */
		A26D81C31A272203003198B7 /* Sources */ = {
			isa = PBXSourcesBuildPhase;
			buildActionMask = 2147483647;
			files = (
				A2DCC4F91A29BABB00A48353 /* OPAddDirectoryCell.m in Sources */,
				A26D81D01A272203003198B7 /* AppDelegate.m in Sources */,
				A2DCC5071A33230900A48353 /* OPFolderCell.m in Sources */,
				A2DCC4FC1A29C19900A48353 /* OPFileCell.m in Sources */,
				A26D81F21A272591003198B7 /* OPDirectoryViewController.m in Sources */,
				A26D81CD1A272203003198B7 /* main.m in Sources */,
			);
			runOnlyForDeploymentPostprocessing = 0;
		};
		A26D81DC1A272203003198B7 /* Sources */ = {
			isa = PBXSourcesBuildPhase;
			buildActionMask = 2147483647;
			files = (
				A26D81E71A272203003198B7 /* FileManagerTests.m in Sources */,
			);
			runOnlyForDeploymentPostprocessing = 0;
		};
/* End PBXSourcesBuildPhase section */

/* Begin PBXTargetDependency section */
		A26D81E21A272203003198B7 /* PBXTargetDependency */ = {
			isa = PBXTargetDependency;
			target = A26D81C61A272203003198B7 /* FileManager */;
			targetProxy = A26D81E11A272203003198B7 /* PBXContainerItemProxy */;
		};
/* End PBXTargetDependency section */

/* Begin PBXVariantGroup section */
		A26D81D41A272203003198B7 /* Main.storyboard */ = {
			isa = PBXVariantGroup;
			children = (
				A26D81D51A272203003198B7 /* Base */,
			);
			name = Main.storyboard;
			sourceTree = "<group>";
		};
		A26D81D91A272203003198B7 /* LaunchScreen.xib */ = {
			isa = PBXVariantGroup;
			children = (
				A26D81DA1A272203003198B7 /* Base */,
			);
			name = LaunchScreen.xib;
			sourceTree = "<group>";
		};
/* End PBXVariantGroup section */

/* Begin XCBuildConfiguration section */
		A26D81E81A272203003198B7 /* Debug */ = {
			isa = XCBuildConfiguration;
			buildSettings = {
				ALWAYS_SEARCH_USER_PATHS = NO;
				CLANG_CXX_LANGUAGE_STANDARD = "gnu++0x";
				CLANG_CXX_LIBRARY = "libc++";
				CLANG_ENABLE_MODULES = YES;
				CLANG_ENABLE_OBJC_ARC = YES;
				CLANG_WARN_BOOL_CONVERSION = YES;
				CLANG_WARN_CONSTANT_CONVERSION = YES;
				CLANG_WARN_DIRECT_OBJC_ISA_USAGE = YES_ERROR;
				CLANG_WARN_EMPTY_BODY = YES;
				CLANG_WARN_ENUM_CONVERSION = YES;
				CLANG_WARN_INT_CONVERSION = YES;
				CLANG_WARN_OBJC_ROOT_CLASS = YES_ERROR;
				CLANG_WARN_UNREACHABLE_CODE = YES;
				CLANG_WARN__DUPLICATE_METHOD_MATCH = YES;
				"CODE_SIGN_IDENTITY[sdk=iphoneos*]" = "iPhone Developer";
				COPY_PHASE_STRIP = NO;
				ENABLE_STRICT_OBJC_MSGSEND = YES;
				GCC_C_LANGUAGE_STANDARD = gnu99;
				GCC_DYNAMIC_NO_PIC = NO;
				GCC_OPTIMIZATION_LEVEL = 0;
				GCC_PREPROCESSOR_DEFINITIONS = (
					"DEBUG=1",
					"$(inherited)",
				);
				GCC_SYMBOLS_PRIVATE_EXTERN = NO;
				GCC_WARN_64_TO_32_BIT_CONVERSION = YES;
				GCC_WARN_ABOUT_RETURN_TYPE = YES_ERROR;
				GCC_WARN_UNDECLARED_SELECTOR = YES;
				GCC_WARN_UNINITIALIZED_AUTOS = YES_AGGRESSIVE;
				GCC_WARN_UNUSED_FUNCTION = YES;
				GCC_WARN_UNUSED_VARIABLE = YES;
				IPHONEOS_DEPLOYMENT_TARGET = 8.1;
				MTL_ENABLE_DEBUG_INFO = YES;
				ONLY_ACTIVE_ARCH = YES;
				SDKROOT = iphoneos;
			};
			name = Debug;
		};
		A26D81E91A272203003198B7 /* Release */ = {
			isa = XCBuildConfiguration;
			buildSettings = {
				ALWAYS_SEARCH_USER_PATHS = NO;
				CLANG_CXX_LANGUAGE_STANDARD = "gnu++0x";
				CLANG_CXX_LIBRARY = "libc++";
				CLANG_ENABLE_MODULES = YES;
				CLANG_ENABLE_OBJC_ARC = YES;
				CLANG_WARN_BOOL_CONVERSION = YES;
				CLANG_WARN_CONSTANT_CONVERSION = YES;
				CLANG_WARN_DIRECT_OBJC_ISA_USAGE = YES_ERROR;
				CLANG_WARN_EMPTY_BODY = YES;
				CLANG_WARN_ENUM_CONVERSION = YES;
				CLANG_WARN_INT_CONVERSION = YES;
				CLANG_WARN_OBJC_ROOT_CLASS = YES_ERROR;
				CLANG_WARN_UNREACHABLE_CODE = YES;
				CLANG_WARN__DUPLICATE_METHOD_MATCH = YES;
				"CODE_SIGN_IDENTITY[sdk=iphoneos*]" = "iPhone Developer";
				COPY_PHASE_STRIP = YES;
				ENABLE_NS_ASSERTIONS = NO;
				ENABLE_STRICT_OBJC_MSGSEND = YES;
				GCC_C_LANGUAGE_STANDARD = gnu99;
				GCC_WARN_64_TO_32_BIT_CONVERSION = YES;
				GCC_WARN_ABOUT_RETURN_TYPE = YES_ERROR;
				GCC_WARN_UNDECLARED_SELECTOR = YES;
				GCC_WARN_UNINITIALIZED_AUTOS = YES_AGGRESSIVE;
				GCC_WARN_UNUSED_FUNCTION = YES;
				GCC_WARN_UNUSED_VARIABLE = YES;
				IPHONEOS_DEPLOYMENT_TARGET = 8.1;
				MTL_ENABLE_DEBUG_INFO = NO;
				SDKROOT = iphoneos;
				VALIDATE_PRODUCT = YES;
			};
			name = Release;
		};
		A26D81EB1A272203003198B7 /* Debug */ = {
			isa = XCBuildConfiguration;
			buildSettings = {
				ASSETCATALOG_COMPILER_APPICON_NAME = AppIcon;
				INFOPLIST_FILE = FileManager/Info.plist;
				LD_RUNPATH_SEARCH_PATHS = "$(inherited) @executable_path/Frameworks";
				PRODUCT_NAME = "$(TARGET_NAME)";
			};
			name = Debug;
		};
		A26D81EC1A272203003198B7 /* Release */ = {
			isa = XCBuildConfiguration;
			buildSettings = {
				ASSETCATALOG_COMPILER_APPICON_NAME = AppIcon;
				INFOPLIST_FILE = FileManager/Info.plist;
				LD_RUNPATH_SEARCH_PATHS = "$(inherited) @executable_path/Frameworks";
				PRODUCT_NAME = "$(TARGET_NAME)";
			};
			name = Release;
		};
		A26D81EE1A272203003198B7 /* Debug */ = {
			isa = XCBuildConfiguration;
			buildSettings = {
				BUNDLE_LOADER = "$(TEST_HOST)";
				FRAMEWORK_SEARCH_PATHS = (
					"$(SDKROOT)/Developer/Library/Frameworks",
					"$(inherited)",
				);
				GCC_PREPROCESSOR_DEFINITIONS = (
					"DEBUG=1",
					"$(inherited)",
				);
				INFOPLIST_FILE = FileManagerTests/Info.plist;
				LD_RUNPATH_SEARCH_PATHS = "$(inherited) @executable_path/Frameworks @loader_path/Frameworks";
				PRODUCT_NAME = "$(TARGET_NAME)";
				TEST_HOST = "$(BUILT_PRODUCTS_DIR)/FileManager.app/FileManager";
			};
			name = Debug;
		};
		A26D81EF1A272203003198B7 /* Release */ = {
			isa = XCBuildConfiguration;
			buildSettings = {
				BUNDLE_LOADER = "$(TEST_HOST)";
				FRAMEWORK_SEARCH_PATHS = (
					"$(SDKROOT)/Developer/Library/Frameworks",
					"$(inherited)",
				);
				INFOPLIST_FILE = FileManagerTests/Info.plist;
				LD_RUNPATH_SEARCH_PATHS = "$(inherited) @executable_path/Frameworks @loader_path/Frameworks";
				PRODUCT_NAME = "$(TARGET_NAME)";
				TEST_HOST = "$(BUILT_PRODUCTS_DIR)/FileManager.app/FileManager";
			};
			name = Release;
		};
/* End XCBuildConfiguration section */

/* Begin XCConfigurationList section */
		A26D81C21A272203003198B7 /* Build configuration list for PBXProject "FileManager" */ = {
			isa = XCConfigurationList;
			buildConfigurations = (
				A26D81E81A272203003198B7 /* Debug */,
				A26D81E91A272203003198B7 /* Release */,
			);
			defaultConfigurationIsVisible = 0;
			defaultConfigurationName = Release;
		};
		A26D81EA1A272203003198B7 /* Build configuration list for PBXNativeTarget "FileManager" */ = {
			isa = XCConfigurationList;
			buildConfigurations = (
				A26D81EB1A272203003198B7 /* Debug */,
				A26D81EC1A272203003198B7 /* Release */,
			);
			defaultConfigurationIsVisible = 0;
			defaultConfigurationName = Release;
		};
		A26D81ED1A272203003198B7 /* Build configuration list for PBXNativeTarget "FileManagerTests" */ = {
			isa = XCConfigurationList;
			buildConfigurations = (
				A26D81EE1A272203003198B7 /* Debug */,
				A26D81EF1A272203003198B7 /* Release */,
			);
			defaultConfigurationIsVisible = 0;
			defaultConfigurationName = Release;
		};
/* End XCConfigurationList section */
	};
	rootObject = A26D81BF1A272203003198B7 /* Project object */;
}
